
Microsoft Visual Studio Solution File, Format Version 12.00
# Visual Studio 15
VisualStudioVersion = 15.0.27703.2035
MinimumVisualStudioVersion = 10.0.40219.1
Project("{8BC9CEB8-8B4A-11D0-8D11-00A0C91BC942}") = "DebugEngine.Static", "DebugEngine.Static\DebugEngine.Static.vcxproj", "{A5E4AF56-F340-4A97-9237-7DF39052C92E}"
EndProject
Project("{8BC9CEB8-8B4A-11D0-8D11-00A0C91BC942}") = "PatternGenerator", "PatternGenerator\PatternGenerator.vcxproj", "{54511D67-BC46-4672-BEE7-D5534DEF0CFD}"
EndProject
Global
	GlobalSection(SolutionConfigurationPlatforms) = preSolution
		Debug|x64 = Debug|x64
		Release|x64 = Release|x64
	EndGlobalSection
	GlobalSection(ProjectConfigurationPlatforms) = postSolution
		{A5E4AF56-F340-4A97-9237-7DF39052C92E}.Debug|x64.ActiveCfg = Debug|x64
		{A5E4AF56-F340-4A97-9237-7DF39052C92E}.Debug|x64.Build.0 = Debug|x64
		{A5E4AF56-F340-4A97-9237-7DF39052C92E}.Release|x64.ActiveCfg = Release|x64
		{A5E4AF56-F340-4A97-9237-7DF39052C92E}.Release|x64.Build.0 = Release|x64
		{54511D67-BC46-4672-BEE7-D5534DEF0CFD}.Debug|x64.ActiveCfg = Debug|x64
		{54511D67-BC46-4672-BEE7-D5534DEF0CFD}.Debug|x64.Build.0 = Debug|x64
		{54511D67-BC46-4672-BEE7-D5534DEF0CFD}.Release|x64.ActiveCfg = Release|x64
		{54511D67-BC46-4672-BEE7-D5534DEF0CFD}.Release|x64.Build.0 = Release|x64
	EndGlobalSection
	GlobalSection(SolutionProperties) = preSolution
		HideSolutionNode = FALSE
	EndGlobalSection
	GlobalSection(ExtensibilityGlobals) = postSolution
		SolutionGuid = {72788AEF-C60D-4933-8A31-078C94B1FC70}
	EndGlobalSection
EndGlobal
