
Microsoft Visual Studio Solution File, Format Version 12.00
# Visual Studio 15
VisualStudioVersion = 15.0.27703.2035
MinimumVisualStudioVersion = 10.0.40219.1
Project("{8BC9CEB8-8B4A-11D0-8D11-00A0C91BC942}") = "FrameDump", "FrameDump\FrameDump.vcxproj", "{D87FAAA4-8C47-493A-8B86-AFE900B5F2C7}"
EndProject
Project("{8BC9CEB8-8B4A-11D0-8D11-00A0C91BC942}") = "FrameDump.Test", "FrameDump.Test\FrameDump.Test.vcxproj", "{A4109D33-CE2D-4129-8F36-18C76E2BE8E9}"
EndProject
Project("{8BC9CEB8-8B4A-11D0-8D11-00A0C91BC942}") = "DebugEngine.Static", "DebugEngine.Static\DebugEngine.Static.vcxproj", "{A5E4AF56-F340-4A97-9237-7DF39052C92E}"
EndProject
Global
	GlobalSection(SolutionConfigurationPlatforms) = preSolution
		Debug|x64 = Debug|x64
		Release|x64 = Release|x64
	EndGlobalSection
	GlobalSection(ProjectConfigurationPlatforms) = postSolution
		{D87FAAA4-8C47-493A-8B86-AFE900B5F2C7}.Debug|x64.ActiveCfg = Debug|x64
		{D87FAAA4-8C47-493A-8B86-AFE900B5F2C7}.Debug|x64.Build.0 = Debug|x64
		{D87FAAA4-8C47-493A-8B86-AFE900B5F2C7}.Release|x64.ActiveCfg = Release|x64
		{D87FAAA4-8C47-493A-8B86-AFE900B5F2C7}.Release|x64.Build.0 = Release|x64
		{A4109D33-CE2D-4129-8F36-18C76E2BE8E9}.Debug|x64.ActiveCfg = Debug|x64
		{A4109D33-CE2D-4129-8F36-18C76E2BE8E9}.Debug|x64.Build.0 = Debug|x64
		{A4109D33-CE2D-4129-8F36-18C76E2BE8E9}.Release|x64.ActiveCfg = Release|x64
		{A4109D33-CE2D-4129-8F36-18C76E2BE8E9}.Release|x64.Build.0 = Release|x64
		{A5E4AF56-F340-4A97-9237-7DF39052C92E}.Debug|x64.ActiveCfg = Debug|x64
		{A5E4AF56-F340-4A97-9237-7DF39052C92E}.Debug|x64.Build.0 = Debug|x64
		{A5E4AF56-F340-4A97-9237-7DF39052C92E}.Release|x64.ActiveCfg = Release|x64
		{A5E4AF56-F340-4A97-9237-7DF39052C92E}.Release|x64.Build.0 = Release|x64
	EndGlobalSection
	GlobalSection(SolutionProperties) = preSolution
		HideSolutionNode = FALSE
	EndGlobalSection
	GlobalSection(ExtensibilityGlobals) = postSolution
		SolutionGuid = {8425F8A0-CAB1-4DA7-A174-FD475231C19D}
	EndGlobalSection
EndGlobal
