<?xml version="1.0" encoding="utf-8"?>
<Project ToolsVersion="4.0" xmlns="http://schemas.microsoft.com/developer/msbuild/2003">
  <ItemGroup>
    <Filter Include="Source Files">
      <UniqueIdentifier>{4FC737F1-C7A5-4376-A066-2A32D752A2FF}</UniqueIdentifier>
      <Extensions>cpp;c;cc;cxx;def;odl;idl;hpj;bat;asm;asmx</Extensions>
    </Filter>
    <Filter Include="Header Files">
      <UniqueIdentifier>{93995380-89BD-4b04-88EB-625FBE52EBFB}</UniqueIdentifier>
      <Extensions>h;hh;hpp;hxx;hm;inl;inc;ipp;xsd</Extensions>
    </Filter>
    <Filter Include="Binary Files">
      <UniqueIdentifier>{5f63b222-86a5-40fa-b48c-dc1923957c5e}</UniqueIdentifier>
      <Extensions>dll;lib</Extensions>
    </Filter>
  </ItemGroup>
  <ItemGroup>
    <ClInclude Include="stdafx.h">
      <Filter>Header Files</Filter>
    </ClInclude>
    <ClInclude Include="debugger.h">
      <Filter>Header Files</Filter>
    </ClInclude>
    <ClInclude Include="emulator.h">
      <Filter>Header Files</Filter>
    </ClInclude>
    <ClInclude Include="loader.h">
      <Filter>Header Files</Filter>
    </ClInclude>
    <ClInclude Include="emulator_tpl.cpp">
      <Filter>Source Files</Filter>
    </ClInclude>
    <ClInclude Include="disassembler.h">
      <Filter>Header Files</Filter>
    </ClInclude>
  </ItemGroup>
  <ItemGroup>
    <ClCompile Include="stdafx.cpp">
      <Filter>Source Files</Filter>
    </ClCompile>
    <ClCompile Include="debugger.cpp">
      <Filter>Source Files</Filter>
    </ClCompile>
    <ClCompile Include="emulator.cpp">
      <Filter>Source Files</Filter>
    </ClCompile>
    <ClCompile Include="loader_pe.cpp">
      <Filter>Source Files</Filter>
    </ClCompile>
    <ClCompile Include="disassembler.cpp">
      <Filter>Source Files</Filter>
    </ClCompile>
  </ItemGroup>
  <ItemGroup>
    <Library Include="..\Bin-Capstone\Win32\capstone_static.lib">
      <Filter>Binary Files</Filter>
    </Library>
    <Library Include="..\Bin-Capstone\Win64\capstone_static.lib">
      <Filter>Binary Files</Filter>
    </Library>
    <Library Include="..\Bin-Unicorn\Win32\unicorn_static.lib">
      <Filter>Binary Files</Filter>
    </Library>
    <Library Include="..\Bin-Unicorn\Win64\unicorn_static.lib">
      <Filter>Binary Files</Filter>
    </Library>
  </ItemGroup>
</Project>